apiVersion: vendir.k14s.io/v1alpha1
directories:
- contents:
  - git:
      commitTitle: 'Merge pull request #701 from k8snetworkplumbingwg/dependabot/github_actions/github/codeql-action-4.35.5...'
      sha: 3a262bd0cd873e13d9b379342f8251b852a89b8f
      tags:
      - v0.9.4
    path: whereabouts
  path: vendor
- contents:
  - directory: {}
    path: .
  path: helm/whereabouts
kind: LockConfig
